
Microsoft Visual Studio Solution File, Format Version 12.00
# Visual Studio Version 16
VisualStudioVersion = 16.0.30011.22
MinimumVisualStudioVersion = 10.0.40219.1
Project("{9A19103F-16F7-4668-BE54-9A1E7A4F7556}") = "MyWeb.Web", "src\MyWeb.Web\MyWeb.Web.csproj", "{651CF7FC-B544-4A10-9144-F26989D144E5}"
EndProject
Project("{2150E333-8FDC-42A3-9474-1A3956D46DE8}") = "src", "src", "{85F05D80-15BF-44E1-A459-8B5AB9490310}"
EndProject
Project("{2150E333-8FDC-42A3-9474-1A3956D46DE8}") = "tests", "tests", "{3824F916-06F7-4670-B14A-C181E3904326}"
EndProject
Global
	GlobalSection(SolutionConfigurationPlatforms) = preSolution
		Debug|Any CPU = Debug|Any CPU
		Release|Any CPU = Release|Any CPU
	EndGlobalSection
	GlobalSection(ProjectConfigurationPlatforms) = postSolution
		{651CF7FC-B544-4A10-9144-F26989D144E5}.Debug|Any CPU.ActiveCfg = Debug|Any CPU
		{651CF7FC-B544-4A10-9144-F26989D144E5}.Debug|Any CPU.Build.0 = Debug|Any CPU
		{651CF7FC-B544-4A10-9144-F26989D144E5}.Release|Any CPU.ActiveCfg = Release|Any CPU
		{651CF7FC-B544-4A10-9144-F26989D144E5}.Release|Any CPU.Build.0 = Release|Any CPU
	EndGlobalSection
	GlobalSection(SolutionProperties) = preSolution
		HideSolutionNode = FALSE
	EndGlobalSection
	GlobalSection(NestedProjects) = preSolution
		{651CF7FC-B544-4A10-9144-F26989D144E5} = {85F05D80-15BF-44E1-A459-8B5AB9490310}
	EndGlobalSection
	GlobalSection(ExtensibilityGlobals) = postSolution
		SolutionGuid = {8C59CC04-D644-425A-9D72-856582C814FD}
	EndGlobalSection
EndGlobal
