
Microsoft Visual Studio Solution File, Format Version 12.00
# Visual Studio Version 16
VisualStudioVersion = 16.0.30011.22
MinimumVisualStudioVersion = 10.0.40219.1
Project("{2150E333-8FDC-42A3-9474-1A3956D46DE8}") = "src", "src", "{85F05D80-15BF-44E1-A459-8B5AB9490310}"
EndProject
Project("{2150E333-8FDC-42A3-9474-1A3956D46DE8}") = "tests", "tests", "{3824F916-06F7-4670-B14A-C181E3904326}"
EndProject
Project("{9A19103F-16F7-4668-BE54-9A1E7A4F7556}") = "MyWeb.Services", "src\MyWeb.Services\MyWeb.Services.csproj", "{0CB02CF0-EF01-4F4D-9CB7-2555C59849B3}"
EndProject
Project("{9A19103F-16F7-4668-BE54-9A1E7A4F7556}") = "MyWeb.Repository", "src\MyWeb.Repository\MyWeb.Repository.csproj", "{5C2F9825-B790-4881-A8F5-E98785AF468D}"
EndProject
Project("{9A19103F-16F7-4668-BE54-9A1E7A4F7556}") = "MyWeb.IServices", "src\MyWeb.IServices\MyWeb.IServices.csproj", "{D8AC7E0E-29B6-4A99-BF95-7968372BF4B4}"
EndProject
Project("{9A19103F-16F7-4668-BE54-9A1E7A4F7556}") = "MyWeb.IRepository", "src\MyWeb.IRepository\MyWeb.IRepository.csproj", "{A22F3675-0B86-41F7-8B47-8D9E341E2036}"
EndProject
Project("{9A19103F-16F7-4668-BE54-9A1E7A4F7556}") = "MyWeb.Common", "src\MyWeb.Common\MyWeb.Common.csproj", "{125FC214-9F82-4EEA-B20E-9AF1A66EBB80}"
EndProject
Project("{9A19103F-16F7-4668-BE54-9A1E7A4F7556}") = "MyWeb.Models", "src\MyWeb.Models\MyWeb.Models.csproj", "{0D4974CD-E0A6-4AD6-9367-AC33CC277DAC}"
EndProject
Project("{9A19103F-16F7-4668-BE54-9A1E7A4F7556}") = "MyWeb.Api", "src\MyWeb.Api\MyWeb.Api.csproj", "{1AD5B576-1AA4-4FEA-B5A2-C74CD9BB3B21}"
EndProject
Project("{9A19103F-16F7-4668-BE54-9A1E7A4F7556}") = "MyWeb.Web", "src\MyWeb.Web\MyWeb.Web.csproj", "{9B9F9C11-2954-4559-8553-459CAB2B3044}"
EndProject
Project("{FAE04EC0-301F-11D3-BF4B-00C04F79EFBC}") = "MyWeb.Host", "src\MyWeb.Host\MyWeb.Host.csproj", "{3CDC5C45-682B-44AD-AC53-572D8022D29A}"
EndProject
Global
	GlobalSection(SolutionConfigurationPlatforms) = preSolution
		Debug|Any CPU = Debug|Any CPU
		Release|Any CPU = Release|Any CPU
	EndGlobalSection
	GlobalSection(ProjectConfigurationPlatforms) = postSolution
		{0CB02CF0-EF01-4F4D-9CB7-2555C59849B3}.Debug|Any CPU.ActiveCfg = Debug|Any CPU
		{0CB02CF0-EF01-4F4D-9CB7-2555C59849B3}.Debug|Any CPU.Build.0 = Debug|Any CPU
		{0CB02CF0-EF01-4F4D-9CB7-2555C59849B3}.Release|Any CPU.ActiveCfg = Release|Any CPU
		{0CB02CF0-EF01-4F4D-9CB7-2555C59849B3}.Release|Any CPU.Build.0 = Release|Any CPU
		{5C2F9825-B790-4881-A8F5-E98785AF468D}.Debug|Any CPU.ActiveCfg = Debug|Any CPU
		{5C2F9825-B790-4881-A8F5-E98785AF468D}.Debug|Any CPU.Build.0 = Debug|Any CPU
		{5C2F9825-B790-4881-A8F5-E98785AF468D}.Release|Any CPU.ActiveCfg = Release|Any CPU
		{5C2F9825-B790-4881-A8F5-E98785AF468D}.Release|Any CPU.Build.0 = Release|Any CPU
		{D8AC7E0E-29B6-4A99-BF95-7968372BF4B4}.Debug|Any CPU.ActiveCfg = Debug|Any CPU
		{D8AC7E0E-29B6-4A99-BF95-7968372BF4B4}.Debug|Any CPU.Build.0 = Debug|Any CPU
		{D8AC7E0E-29B6-4A99-BF95-7968372BF4B4}.Release|Any CPU.ActiveCfg = Release|Any CPU
		{D8AC7E0E-29B6-4A99-BF95-7968372BF4B4}.Release|Any CPU.Build.0 = Release|Any CPU
		{A22F3675-0B86-41F7-8B47-8D9E341E2036}.Debug|Any CPU.ActiveCfg = Debug|Any CPU
		{A22F3675-0B86-41F7-8B47-8D9E341E2036}.Debug|Any CPU.Build.0 = Debug|Any CPU
		{A22F3675-0B86-41F7-8B47-8D9E341E2036}.Release|Any CPU.ActiveCfg = Release|Any CPU
		{A22F3675-0B86-41F7-8B47-8D9E341E2036}.Release|Any CPU.Build.0 = Release|Any CPU
		{125FC214-9F82-4EEA-B20E-9AF1A66EBB80}.Debug|Any CPU.ActiveCfg = Debug|Any CPU
		{125FC214-9F82-4EEA-B20E-9AF1A66EBB80}.Debug|Any CPU.Build.0 = Debug|Any CPU
		{125FC214-9F82-4EEA-B20E-9AF1A66EBB80}.Release|Any CPU.ActiveCfg = Release|Any CPU
		{125FC214-9F82-4EEA-B20E-9AF1A66EBB80}.Release|Any CPU.Build.0 = Release|Any CPU
		{0D4974CD-E0A6-4AD6-9367-AC33CC277DAC}.Debug|Any CPU.ActiveCfg = Debug|Any CPU
		{0D4974CD-E0A6-4AD6-9367-AC33CC277DAC}.Debug|Any CPU.Build.0 = Debug|Any CPU
		{0D4974CD-E0A6-4AD6-9367-AC33CC277DAC}.Release|Any CPU.ActiveCfg = Release|Any CPU
		{0D4974CD-E0A6-4AD6-9367-AC33CC277DAC}.Release|Any CPU.Build.0 = Release|Any CPU
		{1AD5B576-1AA4-4FEA-B5A2-C74CD9BB3B21}.Debug|Any CPU.ActiveCfg = Debug|Any CPU
		{1AD5B576-1AA4-4FEA-B5A2-C74CD9BB3B21}.Debug|Any CPU.Build.0 = Debug|Any CPU
		{1AD5B576-1AA4-4FEA-B5A2-C74CD9BB3B21}.Release|Any CPU.ActiveCfg = Release|Any CPU
		{1AD5B576-1AA4-4FEA-B5A2-C74CD9BB3B21}.Release|Any CPU.Build.0 = Release|Any CPU
		{9B9F9C11-2954-4559-8553-459CAB2B3044}.Debug|Any CPU.ActiveCfg = Debug|Any CPU
		{9B9F9C11-2954-4559-8553-459CAB2B3044}.Debug|Any CPU.Build.0 = Debug|Any CPU
		{9B9F9C11-2954-4559-8553-459CAB2B3044}.Release|Any CPU.ActiveCfg = Release|Any CPU
		{9B9F9C11-2954-4559-8553-459CAB2B3044}.Release|Any CPU.Build.0 = Release|Any CPU
		{3CDC5C45-682B-44AD-AC53-572D8022D29A}.Debug|Any CPU.ActiveCfg = Debug|Any CPU
		{3CDC5C45-682B-44AD-AC53-572D8022D29A}.Debug|Any CPU.Build.0 = Debug|Any CPU
		{3CDC5C45-682B-44AD-AC53-572D8022D29A}.Release|Any CPU.ActiveCfg = Release|Any CPU
		{3CDC5C45-682B-44AD-AC53-572D8022D29A}.Release|Any CPU.Build.0 = Release|Any CPU
	EndGlobalSection
	GlobalSection(SolutionProperties) = preSolution
		HideSolutionNode = FALSE
	EndGlobalSection
	GlobalSection(NestedProjects) = preSolution
		{0CB02CF0-EF01-4F4D-9CB7-2555C59849B3} = {85F05D80-15BF-44E1-A459-8B5AB9490310}
		{5C2F9825-B790-4881-A8F5-E98785AF468D} = {85F05D80-15BF-44E1-A459-8B5AB9490310}
		{D8AC7E0E-29B6-4A99-BF95-7968372BF4B4} = {85F05D80-15BF-44E1-A459-8B5AB9490310}
		{A22F3675-0B86-41F7-8B47-8D9E341E2036} = {85F05D80-15BF-44E1-A459-8B5AB9490310}
		{125FC214-9F82-4EEA-B20E-9AF1A66EBB80} = {85F05D80-15BF-44E1-A459-8B5AB9490310}
		{0D4974CD-E0A6-4AD6-9367-AC33CC277DAC} = {85F05D80-15BF-44E1-A459-8B5AB9490310}
		{1AD5B576-1AA4-4FEA-B5A2-C74CD9BB3B21} = {85F05D80-15BF-44E1-A459-8B5AB9490310}
		{9B9F9C11-2954-4559-8553-459CAB2B3044} = {85F05D80-15BF-44E1-A459-8B5AB9490310}
		{3CDC5C45-682B-44AD-AC53-572D8022D29A} = {85F05D80-15BF-44E1-A459-8B5AB9490310}
	EndGlobalSection
	GlobalSection(ExtensibilityGlobals) = postSolution
		SolutionGuid = {8C59CC04-D644-425A-9D72-856582C814FD}
	EndGlobalSection
EndGlobal
